{
  "nodes": {
    "flake-compat": {
      "flake": false,
      "locked": {
        "lastModified": 1673956053,
        "narHash": "sha256-4gtG9iQuiKITOjNQQeQIpoIB6b16fm+504Ch3sNKLd8=",
        "owner": "edolstra",
        "repo": "flake-compat",
        "rev": "35bb57c0c8d8b62bbfd284272c928ceb64ddbde9",
        "type": "github"
      },
      "original": {
        "owner": "edolstra",
        "repo": "flake-compat",
        "type": "github"
      }
    },
    "flake-utils": {
      "locked": {
        "lastModified": 1659877975,
        "narHash": "sha256-zllb8aq3YO3h8B/U0/J1WBgAL8EX5yWf5pMj3G0NAmc=",
        "owner": "numtide",
        "repo": "flake-utils",
        "rev": "c0e246b9b83f637f4681389ecabcb2681b4f3af0",
        "type": "github"
      },
      "original": {
        "owner": "numtide",
        "repo": "flake-utils",
        "type": "github"
      }
    },
    "home-manager": {
      "inputs": {
        "nixpkgs": [
          "nixos-unstable"
        ]
      },
      "locked": {
        "lastModified": 1706435589,
        "narHash": "sha256-yhEYJxMv5BkfmUuNe4QELKo+V5eq1pwhtVs6kEziHfE=",
        "owner": "nix-community",
        "repo": "home-manager",
        "rev": "4d54c29bce71f8c261513e0662cc573d30f3e33e",
        "type": "github"
      },
      "original": {
        "owner": "nix-community",
        "ref": "master",
        "repo": "home-manager",
        "type": "github"
      }
    },
    "nixos-leading": {
      "locked": {
        "lastModified": 1706117207,
        "narHash": "sha256-wwbyNIjhqR220GbQrKVpzF+eb8Rd+k7mxn6BQ7REfzQ=",
        "owner": "nixos",
        "repo": "nixpkgs",
        "rev": "435535d968d324f01dbc7af428a716060a951088",
        "type": "github"
      },
      "original": {
        "owner": "nixos",
        "repo": "nixpkgs",
        "rev": "435535d968d324f01dbc7af428a716060a951088",
        "type": "github"
      }
    },
    "nixos-stable": {
      "locked": {
        "lastModified": 1706098335,
        "narHash": "sha256-r3dWjT8P9/Ah5m5ul4WqIWD8muj5F+/gbCdjiNVBKmU=",
        "owner": "nixos",
        "repo": "nixpkgs",
        "rev": "a77ab169a83a4175169d78684ddd2e54486ac651",
        "type": "github"
      },
      "original": {
        "owner": "nixos",
        "ref": "nixos-23.11",
        "repo": "nixpkgs",
        "type": "github"
      }
    },
    "nixos-unstable": {
      "locked": {
        "lastModified": 1706191920,
        "narHash": "sha256-eLihrZAPZX0R6RyM5fYAWeKVNuQPYjAkCUBr+JNvtdE=",
        "owner": "nixos",
        "repo": "nixpkgs",
        "rev": "ae5c332cbb5827f6b1f02572496b141021de335f",
        "type": "github"
      },
      "original": {
        "owner": "nixos",
        "ref": "nixos-unstable",
        "repo": "nixpkgs",
        "type": "github"
      }
    },
    "nixpkgs": {
      "locked": {
        "lastModified": 1702350026,
        "narHash": "sha256-A+GNZFZdfl4JdDphYKBJ5Ef1HOiFsP18vQe9mqjmUis=",
        "owner": "NixOS",
        "repo": "nixpkgs",
        "rev": "9463103069725474698139ab10f17a9d125da859",
        "type": "github"
      },
      "original": {
        "owner": "NixOS",
        "ref": "nixos-23.05",
        "repo": "nixpkgs",
        "type": "github"
      }
    },
    "root": {
      "inputs": {
        "home-manager": "home-manager",
        "nixos-leading": "nixos-leading",
        "nixos-stable": "nixos-stable",
        "nixos-unstable": "nixos-unstable",
        "zig-overlay": "zig-overlay"
      }
    },
    "zig-overlay": {
      "inputs": {
        "flake-compat": "flake-compat",
        "flake-utils": "flake-utils",
        "nixpkgs": "nixpkgs"
      },
      "locked": {
        "lastModified": 1706288111,
        "narHash": "sha256-CvSS/BMm86Uzjeb8pEkWa3qnuzMiPPmT8hf5lDOP6TE=",
        "owner": "mitchellh",
        "repo": "zig-overlay",
        "rev": "7f5d4cbecf3aa75ac8afaef8a20723b3a57f7d20",
        "type": "github"
      },
      "original": {
        "owner": "mitchellh",
        "repo": "zig-overlay",
        "type": "github"
      }
    }
  },
  "root": "root",
  "version": 7
}
