{
  "nodes": {
    "flake-compat": {
      "flake": false,
      "locked": {
        "lastModified": 1673956053,
        "narHash": "sha256-4gtG9iQuiKITOjNQQeQIpoIB6b16fm+504Ch3sNKLd8=",
        "owner": "edolstra",
        "repo": "flake-compat",
        "rev": "35bb57c0c8d8b62bbfd284272c928ceb64ddbde9",
        "type": "github"
      },
      "original": {
        "owner": "edolstra",
        "repo": "flake-compat",
        "type": "github"
      }
    },
    "flake-utils": {
      "locked": {
        "lastModified": 1659877975,
        "narHash": "sha256-zllb8aq3YO3h8B/U0/J1WBgAL8EX5yWf5pMj3G0NAmc=",
        "owner": "numtide",
        "repo": "flake-utils",
        "rev": "c0e246b9b83f637f4681389ecabcb2681b4f3af0",
        "type": "github"
      },
      "original": {
        "owner": "numtide",
        "repo": "flake-utils",
        "type": "github"
      }
    },
    "home-manager": {
      "inputs": {
        "nixpkgs": [
          "nixos-unstable"
        ]
      },
      "locked": {
        "lastModified": 1707683400,
        "narHash": "sha256-Zc+J3UO1Xpx+NL8UB6woPHyttEy9cXXtm+0uWwzuYDc=",
        "owner": "nix-community",
        "repo": "home-manager",
        "rev": "21b078306a2ab68748abf72650db313d646cf2ca",
        "type": "github"
      },
      "original": {
        "owner": "nix-community",
        "ref": "master",
        "repo": "home-manager",
        "type": "github"
      }
    },
    "nixos-stable": {
      "locked": {
        "lastModified": 1707650010,
        "narHash": "sha256-dOhphIA4MGrH4ElNCy/OlwmN24MsnEqFjRR6+RY7jZw=",
        "owner": "nixos",
        "repo": "nixpkgs",
        "rev": "809cca784b9f72a5ad4b991e0e7bcf8890f9c3a6",
        "type": "github"
      },
      "original": {
        "owner": "nixos",
        "ref": "nixos-23.11",
        "repo": "nixpkgs",
        "type": "github"
      }
    },
    "nixos-unstable": {
      "locked": {
        "lastModified": 1707546158,
        "narHash": "sha256-nYYJTpzfPMDxI8mzhQsYjIUX+grorqjKEU9Np6Xwy/0=",
        "owner": "nixos",
        "repo": "nixpkgs",
        "rev": "d934204a0f8d9198e1e4515dd6fec76a139c87f0",
        "type": "github"
      },
      "original": {
        "owner": "nixos",
        "ref": "nixos-unstable",
        "repo": "nixpkgs",
        "type": "github"
      }
    },
    "nixpkgs": {
      "locked": {
        "lastModified": 1702350026,
        "narHash": "sha256-A+GNZFZdfl4JdDphYKBJ5Ef1HOiFsP18vQe9mqjmUis=",
        "owner": "NixOS",
        "repo": "nixpkgs",
        "rev": "9463103069725474698139ab10f17a9d125da859",
        "type": "github"
      },
      "original": {
        "owner": "NixOS",
        "ref": "nixos-23.05",
        "repo": "nixpkgs",
        "type": "github"
      }
    },
    "root": {
      "inputs": {
        "home-manager": "home-manager",
        "nixos-stable": "nixos-stable",
        "nixos-unstable": "nixos-unstable",
        "zig-overlay": "zig-overlay"
      }
    },
    "zig-overlay": {
      "inputs": {
        "flake-compat": "flake-compat",
        "flake-utils": "flake-utils",
        "nixpkgs": "nixpkgs"
      },
      "locked": {
        "lastModified": 1707739738,
        "narHash": "sha256-e2wN0zj1n5KgCfGisvg63TTem9e5v5/FQ9FrqBiKsMc=",
        "owner": "mitchellh",
        "repo": "zig-overlay",
        "rev": "3419c825ecae8d471f9aded6cbb0654a2acd0cce",
        "type": "github"
      },
      "original": {
        "owner": "mitchellh",
        "repo": "zig-overlay",
        "type": "github"
      }
    }
  },
  "root": "root",
  "version": 7
}
